
Microsoft Visual Studio Solution File, Format Version 12.00
# Visual Studio Version 16
VisualStudioVersion = 16.0.31205.134
MinimumVisualStudioVersion = 10.0.40219.1
Project("{9A19103F-16F7-4668-BE54-9A1E7A4F7556}") = "BloodLoop.WebApi", "BloodLoop.WebApi\BloodLoop.WebApi.csproj", "{10013100-332D-43DA-B2E9-52253616A211}"
EndProject
Project("{2150E333-8FDC-42A3-9474-1A3956D46DE8}") = "BloodLoop.Tests", "BloodLoop.Tests", "{54D65F62-8AE3-4041-80D7-1B5A0FF33D8B}"
EndProject
Project("{9A19103F-16F7-4668-BE54-9A1E7A4F7556}") = "BloodLoop.Application", "BloodLoop.Application\BloodLoop.Application.csproj", "{5E5C9DB8-ECD3-47DC-993D-7843BEE7AE08}"
EndProject
Project("{9A19103F-16F7-4668-BE54-9A1E7A4F7556}") = "BloodLoop.Domain", "BloodLoop.Domain\BloodLoop.Domain.csproj", "{1E109404-B78F-48A7-9DAB-50B8C7B95B28}"
EndProject
Project("{9A19103F-16F7-4668-BE54-9A1E7A4F7556}") = "BloodLoop.Infrastructure", "BloodLoop.Infrastructure\BloodLoop.Infrastructure.csproj", "{A6AAAA03-DE77-4753-931C-39D2A2E3B671}"
EndProject
Project("{9A19103F-16F7-4668-BE54-9A1E7A4F7556}") = "BloodLoop.Application.Tests", "BloodLoop.Application.Tests\BloodLoop.Application.Tests.csproj", "{BA49BD64-0B58-4F1C-B016-642AC8BD7565}"
EndProject
Project("{9A19103F-16F7-4668-BE54-9A1E7A4F7556}") = "BloodCore", "BloodCore\BloodCore.csproj", "{78A995A4-E9AD-4DEA-828C-742FBCEC5D02}"
EndProject
Project("{9A19103F-16F7-4668-BE54-9A1E7A4F7556}") = "BloodLoop.Domain.Tests", "BloodLoop.Domain.Tests\BloodLoop.Domain.Tests.csproj", "{2F225418-E4CA-4440-B701-AFF474D48889}"
EndProject
Project("{9A19103F-16F7-4668-BE54-9A1E7A4F7556}") = "BloodLoop.Infrastructure.Tests", "BloodLoop.Infrastructure.Tests\BloodLoop.Infrastructure.Tests.csproj", "{661907A2-BE0F-4A20-85E8-AE6C7198F1C3}"
EndProject
Project("{9A19103F-16F7-4668-BE54-9A1E7A4F7556}") = "BloodLoop.Api", "BloodLoop.Api\BloodLoop.Api.csproj", "{9FA53769-FE05-4830-8E00-386A5F2A3DA9}"
EndProject
Global
	GlobalSection(SolutionConfigurationPlatforms) = preSolution
		Debug|Any CPU = Debug|Any CPU
		Debug|iPhone = Debug|iPhone
		Debug|iPhoneSimulator = Debug|iPhoneSimulator
		Release|Any CPU = Release|Any CPU
		Release|iPhone = Release|iPhone
		Release|iPhoneSimulator = Release|iPhoneSimulator
	EndGlobalSection
	GlobalSection(ProjectConfigurationPlatforms) = postSolution
		{10013100-332D-43DA-B2E9-52253616A211}.Debug|Any CPU.ActiveCfg = Debug|Any CPU
		{10013100-332D-43DA-B2E9-52253616A211}.Debug|Any CPU.Build.0 = Debug|Any CPU
		{10013100-332D-43DA-B2E9-52253616A211}.Debug|iPhone.ActiveCfg = Debug|Any CPU
		{10013100-332D-43DA-B2E9-52253616A211}.Debug|iPhone.Build.0 = Debug|Any CPU
		{10013100-332D-43DA-B2E9-52253616A211}.Debug|iPhoneSimulator.ActiveCfg = Debug|Any CPU
		{10013100-332D-43DA-B2E9-52253616A211}.Debug|iPhoneSimulator.Build.0 = Debug|Any CPU
		{10013100-332D-43DA-B2E9-52253616A211}.Release|Any CPU.ActiveCfg = Release|Any CPU
		{10013100-332D-43DA-B2E9-52253616A211}.Release|Any CPU.Build.0 = Release|Any CPU
		{10013100-332D-43DA-B2E9-52253616A211}.Release|iPhone.ActiveCfg = Release|Any CPU
		{10013100-332D-43DA-B2E9-52253616A211}.Release|iPhone.Build.0 = Release|Any CPU
		{10013100-332D-43DA-B2E9-52253616A211}.Release|iPhoneSimulator.ActiveCfg = Release|Any CPU
		{10013100-332D-43DA-B2E9-52253616A211}.Release|iPhoneSimulator.Build.0 = Release|Any CPU
		{5E5C9DB8-ECD3-47DC-993D-7843BEE7AE08}.Debug|Any CPU.ActiveCfg = Debug|Any CPU
		{5E5C9DB8-ECD3-47DC-993D-7843BEE7AE08}.Debug|Any CPU.Build.0 = Debug|Any CPU
		{5E5C9DB8-ECD3-47DC-993D-7843BEE7AE08}.Debug|iPhone.ActiveCfg = Debug|Any CPU
		{5E5C9DB8-ECD3-47DC-993D-7843BEE7AE08}.Debug|iPhone.Build.0 = Debug|Any CPU
		{5E5C9DB8-ECD3-47DC-993D-7843BEE7AE08}.Debug|iPhoneSimulator.ActiveCfg = Debug|Any CPU
		{5E5C9DB8-ECD3-47DC-993D-7843BEE7AE08}.Debug|iPhoneSimulator.Build.0 = Debug|Any CPU
		{5E5C9DB8-ECD3-47DC-993D-7843BEE7AE08}.Release|Any CPU.ActiveCfg = Release|Any CPU
		{5E5C9DB8-ECD3-47DC-993D-7843BEE7AE08}.Release|Any CPU.Build.0 = Release|Any CPU
		{5E5C9DB8-ECD3-47DC-993D-7843BEE7AE08}.Release|iPhone.ActiveCfg = Release|Any CPU
		{5E5C9DB8-ECD3-47DC-993D-7843BEE7AE08}.Release|iPhone.Build.0 = Release|Any CPU
		{5E5C9DB8-ECD3-47DC-993D-7843BEE7AE08}.Release|iPhoneSimulator.ActiveCfg = Release|Any CPU
		{5E5C9DB8-ECD3-47DC-993D-7843BEE7AE08}.Release|iPhoneSimulator.Build.0 = Release|Any CPU
		{1E109404-B78F-48A7-9DAB-50B8C7B95B28}.Debug|Any CPU.ActiveCfg = Debug|Any CPU
		{1E109404-B78F-48A7-9DAB-50B8C7B95B28}.Debug|Any CPU.Build.0 = Debug|Any CPU
		{1E109404-B78F-48A7-9DAB-50B8C7B95B28}.Debug|iPhone.ActiveCfg = Debug|Any CPU
		{1E109404-B78F-48A7-9DAB-50B8C7B95B28}.Debug|iPhone.Build.0 = Debug|Any CPU
		{1E109404-B78F-48A7-9DAB-50B8C7B95B28}.Debug|iPhoneSimulator.ActiveCfg = Debug|Any CPU
		{1E109404-B78F-48A7-9DAB-50B8C7B95B28}.Debug|iPhoneSimulator.Build.0 = Debug|Any CPU
		{1E109404-B78F-48A7-9DAB-50B8C7B95B28}.Release|Any CPU.ActiveCfg = Release|Any CPU
		{1E109404-B78F-48A7-9DAB-50B8C7B95B28}.Release|Any CPU.Build.0 = Release|Any CPU
		{1E109404-B78F-48A7-9DAB-50B8C7B95B28}.Release|iPhone.ActiveCfg = Release|Any CPU
		{1E109404-B78F-48A7-9DAB-50B8C7B95B28}.Release|iPhone.Build.0 = Release|Any CPU
		{1E109404-B78F-48A7-9DAB-50B8C7B95B28}.Release|iPhoneSimulator.ActiveCfg = Release|Any CPU
		{1E109404-B78F-48A7-9DAB-50B8C7B95B28}.Release|iPhoneSimulator.Build.0 = Release|Any CPU
		{A6AAAA03-DE77-4753-931C-39D2A2E3B671}.Debug|Any CPU.ActiveCfg = Debug|Any CPU
		{A6AAAA03-DE77-4753-931C-39D2A2E3B671}.Debug|Any CPU.Build.0 = Debug|Any CPU
		{A6AAAA03-DE77-4753-931C-39D2A2E3B671}.Debug|iPhone.ActiveCfg = Debug|Any CPU
		{A6AAAA03-DE77-4753-931C-39D2A2E3B671}.Debug|iPhone.Build.0 = Debug|Any CPU
		{A6AAAA03-DE77-4753-931C-39D2A2E3B671}.Debug|iPhoneSimulator.ActiveCfg = Debug|Any CPU
		{A6AAAA03-DE77-4753-931C-39D2A2E3B671}.Debug|iPhoneSimulator.Build.0 = Debug|Any CPU
		{A6AAAA03-DE77-4753-931C-39D2A2E3B671}.Release|Any CPU.ActiveCfg = Release|Any CPU
		{A6AAAA03-DE77-4753-931C-39D2A2E3B671}.Release|Any CPU.Build.0 = Release|Any CPU
		{A6AAAA03-DE77-4753-931C-39D2A2E3B671}.Release|iPhone.ActiveCfg = Release|Any CPU
		{A6AAAA03-DE77-4753-931C-39D2A2E3B671}.Release|iPhone.Build.0 = Release|Any CPU
		{A6AAAA03-DE77-4753-931C-39D2A2E3B671}.Release|iPhoneSimulator.ActiveCfg = Release|Any CPU
		{A6AAAA03-DE77-4753-931C-39D2A2E3B671}.Release|iPhoneSimulator.Build.0 = Release|Any CPU
		{BA49BD64-0B58-4F1C-B016-642AC8BD7565}.Debug|Any CPU.ActiveCfg = Debug|Any CPU
		{BA49BD64-0B58-4F1C-B016-642AC8BD7565}.Debug|Any CPU.Build.0 = Debug|Any CPU
		{BA49BD64-0B58-4F1C-B016-642AC8BD7565}.Debug|iPhone.ActiveCfg = Debug|Any CPU
		{BA49BD64-0B58-4F1C-B016-642AC8BD7565}.Debug|iPhone.Build.0 = Debug|Any CPU
		{BA49BD64-0B58-4F1C-B016-642AC8BD7565}.Debug|iPhoneSimulator.ActiveCfg = Debug|Any CPU
		{BA49BD64-0B58-4F1C-B016-642AC8BD7565}.Debug|iPhoneSimulator.Build.0 = Debug|Any CPU
		{BA49BD64-0B58-4F1C-B016-642AC8BD7565}.Release|Any CPU.ActiveCfg = Release|Any CPU
		{BA49BD64-0B58-4F1C-B016-642AC8BD7565}.Release|Any CPU.Build.0 = Release|Any CPU
		{BA49BD64-0B58-4F1C-B016-642AC8BD7565}.Release|iPhone.ActiveCfg = Release|Any CPU
		{BA49BD64-0B58-4F1C-B016-642AC8BD7565}.Release|iPhone.Build.0 = Release|Any CPU
		{BA49BD64-0B58-4F1C-B016-642AC8BD7565}.Release|iPhoneSimulator.ActiveCfg = Release|Any CPU
		{BA49BD64-0B58-4F1C-B016-642AC8BD7565}.Release|iPhoneSimulator.Build.0 = Release|Any CPU
		{78A995A4-E9AD-4DEA-828C-742FBCEC5D02}.Debug|Any CPU.ActiveCfg = Debug|Any CPU
		{78A995A4-E9AD-4DEA-828C-742FBCEC5D02}.Debug|Any CPU.Build.0 = Debug|Any CPU
		{78A995A4-E9AD-4DEA-828C-742FBCEC5D02}.Debug|iPhone.ActiveCfg = Debug|Any CPU
		{78A995A4-E9AD-4DEA-828C-742FBCEC5D02}.Debug|iPhone.Build.0 = Debug|Any CPU
		{78A995A4-E9AD-4DEA-828C-742FBCEC5D02}.Debug|iPhoneSimulator.ActiveCfg = Debug|Any CPU
		{78A995A4-E9AD-4DEA-828C-742FBCEC5D02}.Debug|iPhoneSimulator.Build.0 = Debug|Any CPU
		{78A995A4-E9AD-4DEA-828C-742FBCEC5D02}.Release|Any CPU.ActiveCfg = Release|Any CPU
		{78A995A4-E9AD-4DEA-828C-742FBCEC5D02}.Release|Any CPU.Build.0 = Release|Any CPU
		{78A995A4-E9AD-4DEA-828C-742FBCEC5D02}.Release|iPhone.ActiveCfg = Release|Any CPU
		{78A995A4-E9AD-4DEA-828C-742FBCEC5D02}.Release|iPhone.Build.0 = Release|Any CPU
		{78A995A4-E9AD-4DEA-828C-742FBCEC5D02}.Release|iPhoneSimulator.ActiveCfg = Release|Any CPU
		{78A995A4-E9AD-4DEA-828C-742FBCEC5D02}.Release|iPhoneSimulator.Build.0 = Release|Any CPU
		{2F225418-E4CA-4440-B701-AFF474D48889}.Debug|Any CPU.ActiveCfg = Debug|Any CPU
		{2F225418-E4CA-4440-B701-AFF474D48889}.Debug|Any CPU.Build.0 = Debug|Any CPU
		{2F225418-E4CA-4440-B701-AFF474D48889}.Debug|iPhone.ActiveCfg = Debug|Any CPU
		{2F225418-E4CA-4440-B701-AFF474D48889}.Debug|iPhone.Build.0 = Debug|Any CPU
		{2F225418-E4CA-4440-B701-AFF474D48889}.Debug|iPhoneSimulator.ActiveCfg = Debug|Any CPU
		{2F225418-E4CA-4440-B701-AFF474D48889}.Debug|iPhoneSimulator.Build.0 = Debug|Any CPU
		{2F225418-E4CA-4440-B701-AFF474D48889}.Release|Any CPU.ActiveCfg = Release|Any CPU
		{2F225418-E4CA-4440-B701-AFF474D48889}.Release|Any CPU.Build.0 = Release|Any CPU
		{2F225418-E4CA-4440-B701-AFF474D48889}.Release|iPhone.ActiveCfg = Release|Any CPU
		{2F225418-E4CA-4440-B701-AFF474D48889}.Release|iPhone.Build.0 = Release|Any CPU
		{2F225418-E4CA-4440-B701-AFF474D48889}.Release|iPhoneSimulator.ActiveCfg = Release|Any CPU
		{2F225418-E4CA-4440-B701-AFF474D48889}.Release|iPhoneSimulator.Build.0 = Release|Any CPU
		{661907A2-BE0F-4A20-85E8-AE6C7198F1C3}.Debug|Any CPU.ActiveCfg = Debug|Any CPU
		{661907A2-BE0F-4A20-85E8-AE6C7198F1C3}.Debug|Any CPU.Build.0 = Debug|Any CPU
		{661907A2-BE0F-4A20-85E8-AE6C7198F1C3}.Debug|iPhone.ActiveCfg = Debug|Any CPU
		{661907A2-BE0F-4A20-85E8-AE6C7198F1C3}.Debug|iPhone.Build.0 = Debug|Any CPU
		{661907A2-BE0F-4A20-85E8-AE6C7198F1C3}.Debug|iPhoneSimulator.ActiveCfg = Debug|Any CPU
		{661907A2-BE0F-4A20-85E8-AE6C7198F1C3}.Debug|iPhoneSimulator.Build.0 = Debug|Any CPU
		{661907A2-BE0F-4A20-85E8-AE6C7198F1C3}.Release|Any CPU.ActiveCfg = Release|Any CPU
		{661907A2-BE0F-4A20-85E8-AE6C7198F1C3}.Release|Any CPU.Build.0 = Release|Any CPU
		{661907A2-BE0F-4A20-85E8-AE6C7198F1C3}.Release|iPhone.ActiveCfg = Release|Any CPU
		{661907A2-BE0F-4A20-85E8-AE6C7198F1C3}.Release|iPhone.Build.0 = Release|Any CPU
		{661907A2-BE0F-4A20-85E8-AE6C7198F1C3}.Release|iPhoneSimulator.ActiveCfg = Release|Any CPU
		{661907A2-BE0F-4A20-85E8-AE6C7198F1C3}.Release|iPhoneSimulator.Build.0 = Release|Any CPU
		{9FA53769-FE05-4830-8E00-386A5F2A3DA9}.Debug|Any CPU.ActiveCfg = Debug|Any CPU
		{9FA53769-FE05-4830-8E00-386A5F2A3DA9}.Debug|Any CPU.Build.0 = Debug|Any CPU
		{9FA53769-FE05-4830-8E00-386A5F2A3DA9}.Debug|iPhone.ActiveCfg = Debug|Any CPU
		{9FA53769-FE05-4830-8E00-386A5F2A3DA9}.Debug|iPhone.Build.0 = Debug|Any CPU
		{9FA53769-FE05-4830-8E00-386A5F2A3DA9}.Debug|iPhoneSimulator.ActiveCfg = Debug|Any CPU
		{9FA53769-FE05-4830-8E00-386A5F2A3DA9}.Debug|iPhoneSimulator.Build.0 = Debug|Any CPU
		{9FA53769-FE05-4830-8E00-386A5F2A3DA9}.Release|Any CPU.ActiveCfg = Release|Any CPU
		{9FA53769-FE05-4830-8E00-386A5F2A3DA9}.Release|Any CPU.Build.0 = Release|Any CPU
		{9FA53769-FE05-4830-8E00-386A5F2A3DA9}.Release|iPhone.ActiveCfg = Release|Any CPU
		{9FA53769-FE05-4830-8E00-386A5F2A3DA9}.Release|iPhone.Build.0 = Release|Any CPU
		{9FA53769-FE05-4830-8E00-386A5F2A3DA9}.Release|iPhoneSimulator.ActiveCfg = Release|Any CPU
		{9FA53769-FE05-4830-8E00-386A5F2A3DA9}.Release|iPhoneSimulator.Build.0 = Release|Any CPU
	EndGlobalSection
	GlobalSection(SolutionProperties) = preSolution
		HideSolutionNode = FALSE
	EndGlobalSection
	GlobalSection(NestedProjects) = preSolution
		{BA49BD64-0B58-4F1C-B016-642AC8BD7565} = {54D65F62-8AE3-4041-80D7-1B5A0FF33D8B}
		{2F225418-E4CA-4440-B701-AFF474D48889} = {54D65F62-8AE3-4041-80D7-1B5A0FF33D8B}
		{661907A2-BE0F-4A20-85E8-AE6C7198F1C3} = {54D65F62-8AE3-4041-80D7-1B5A0FF33D8B}
	EndGlobalSection
	GlobalSection(ExtensibilityGlobals) = postSolution
		SolutionGuid = {97C3D699-1C80-423E-B622-7D0E25D14C73}
	EndGlobalSection
EndGlobal
